
Microsoft Visual Studio Solution File, Format Version 12.00
# Visual Studio Version 17
VisualStudioVersion = 17.6.33801.468
MinimumVisualStudioVersion = 10.0.40219.1
Project("{FAE04EC0-301F-11D3-BF4B-00C04F79EFBC}") = "vjezba_1", "vjezba_1.csproj", "{5AEE6405-351C-4C66-8BE5-911FF60C2EB1}"
EndProject
Global
	GlobalSection(SolutionConfigurationPlatforms) = preSolution
		Debug|Any CPU = Debug|Any CPU
		Release|Any CPU = Release|Any CPU
	EndGlobalSection
	GlobalSection(ProjectConfigurationPlatforms) = postSolution
		{5AEE6405-351C-4C66-8BE5-911FF60C2EB1}.Debug|Any CPU.ActiveCfg = Debug|Any CPU
		{5AEE6405-351C-4C66-8BE5-911FF60C2EB1}.Debug|Any CPU.Build.0 = Debug|Any CPU
		{5AEE6405-351C-4C66-8BE5-911FF60C2EB1}.Release|Any CPU.ActiveCfg = Release|Any CPU
		{5AEE6405-351C-4C66-8BE5-911FF60C2EB1}.Release|Any CPU.Build.0 = Release|Any CPU
	EndGlobalSection
	GlobalSection(SolutionProperties) = preSolution
		HideSolutionNode = FALSE
	EndGlobalSection
	GlobalSection(ExtensibilityGlobals) = postSolution
		SolutionGuid = {041FCEA3-12E0-48FF-9AFF-81BDCD385CF7}
	EndGlobalSection
EndGlobal
